PODS:
  - FMDB (2.7.2):
    - FMDB/standard (= 2.7.2)
  - FMDB/standard (2.7.2)
  - PromiseKit (6.2.3):
    - PromiseKit/CorePromise (= 6.2.3)
    - PromiseKit/Foundation (= 6.2.3)
    - PromiseKit/UIKit (= 6.2.3)
  - PromiseKit/CorePromise (6.2.3)
  - PromiseKit/Foundation (6.2.3):
    - PromiseKit/CorePromise
  - PromiseKit/UIKit (6.2.3):
    - PromiseKit/CorePromise
  - SDWebImage (4.3.3):
    - SDWebImage/Core (= 4.3.3)
  - SDWebImage/Core (4.3.3)

DEPENDENCIES:
  - FMDB
  - PromiseKit
  - SDWebImage

SPEC REPOS:
  https://github.com/cocoapods/specs.git:
    - FMDB
    - PromiseKit
    - SDWebImage

SPEC CHECKSUMS:
  FMDB: 6198a90e7b6900cfc046e6bc0ef6ebb7be9236aa
  PromiseKit: 62f37bb4900a9b0b7550d017e41497171d93face
  SDWebImage: de4d90b5bff3571eae7bd16202b1f43135409fa5

PODFILE CHECKSUM: 63e80a66bd66935d63ee3e91029275a6b4dbe1ff

COCOAPODS: 1.5.3
