// !$*UTF8*$!
{
	archiveVersion = 1;
	classes = {
	};
	objectVersion = 50;
	objects = {

/* Begin PBXBuildFile section */
		4241B0781F9C70614D4864F3 /* Pods_Vltramarine.framework in Frameworks */ = {isa = PBXBuildFile; fileRef = 4274F38220EBA60000D76E4F /* Pods_Vltramarine.framework */; };
		4274F36D20EB757900D76E4F /* VltramarineFactory.swift in Sources */ = {isa = PBXBuildFile; fileRef = 4274F36C20EB757900D76E4F /* VltramarineFactory.swift */; };
		4274F36F20EB785F00D76E4F /* ObjectFactory.swift in Sources */ = {isa = PBXBuildFile; fileRef = 4274F36E20EB785F00D76E4F /* ObjectFactory.swift */; };
		4274F38B20EBBC2400D76E4F /* VltramarineTests.swift in Sources */ = {isa = PBXBuildFile; fileRef = 4274F38A20EBBC2400D76E4F /* VltramarineTests.swift */; };
		4274F39320EBBD1F00D76E4F /* FeedXmlParserTests.swift in Sources */ = {isa = PBXBuildFile; fileRef = 4274F39220EBBD1F00D76E4F /* FeedXmlParserTests.swift */; };
		427A441F20E8D61700FFE7DF /* PhotoRepository.swift in Sources */ = {isa = PBXBuildFile; fileRef = 427A441E20E8D61700FFE7DF /* PhotoRepository.swift */; };
		427A442120E8D64500FFE7DF /* PhotoRepositorySQLiteImpl.swift in Sources */ = {isa = PBXBuildFile; fileRef = 427A442020E8D64500FFE7DF /* PhotoRepositorySQLiteImpl.swift */; };
		427A442520E94CCC00FFE7DF /* VltramarineError.swift in Sources */ = {isa = PBXBuildFile; fileRef = 427A442420E94CCC00FFE7DF /* VltramarineError.swift */; };
		42A807C020EA7184001D304A /* FeedTableViewCellDelegate.swift in Sources */ = {isa = PBXBuildFile; fileRef = 42A807BF20EA7183001D304A /* FeedTableViewCellDelegate.swift */; };
		42AFF2D320EAE23200E51D3A /* PhotoViewModel.swift in Sources */ = {isa = PBXBuildFile; fileRef = 42AFF2D220EAE23200E51D3A /* PhotoViewModel.swift */; };
		42C1848220E2FC2D0024B2F5 /* AppDelegate.swift in Sources */ = {isa = PBXBuildFile; fileRef = 42C1848120E2FC2D0024B2F5 /* AppDelegate.swift */; };
		42C1848720E2FC2D0024B2F5 /* Main.storyboard in Resources */ = {isa = PBXBuildFile; fileRef = 42C1848520E2FC2D0024B2F5 /* Main.storyboard */; };
		42C1848920E2FC2E0024B2F5 /* Assets.xcassets in Resources */ = {isa = PBXBuildFile; fileRef = 42C1848820E2FC2E0024B2F5 /* Assets.xcassets */; };
		42C1848C20E2FC2E0024B2F5 /* LaunchScreen.storyboard in Resources */ = {isa = PBXBuildFile; fileRef = 42C1848A20E2FC2E0024B2F5 /* LaunchScreen.storyboard */; };
		42C1849820E305DD0024B2F5 /* MenuViewController.swift in Sources */ = {isa = PBXBuildFile; fileRef = 42C1849720E305DD0024B2F5 /* MenuViewController.swift */; };
		42C1849B20E30AC00024B2F5 /* MenuViewModel.swift in Sources */ = {isa = PBXBuildFile; fileRef = 42C1849A20E30AC00024B2F5 /* MenuViewModel.swift */; };
		42C1849D20E35EA90024B2F5 /* Feed.swift in Sources */ = {isa = PBXBuildFile; fileRef = 42C1849C20E35EA90024B2F5 /* Feed.swift */; };
		42C184A120E369420024B2F5 /* MenuCollectionViewCell.swift in Sources */ = {isa = PBXBuildFile; fileRef = 42C184A020E369420024B2F5 /* MenuCollectionViewCell.swift */; };
		42C184A420E387150024B2F5 /* FeedViewController.swift in Sources */ = {isa = PBXBuildFile; fileRef = 42C184A320E387150024B2F5 /* FeedViewController.swift */; };
		42C184A620E389150024B2F5 /* FeedTableViewCell.swift in Sources */ = {isa = PBXBuildFile; fileRef = 42C184A520E389150024B2F5 /* FeedTableViewCell.swift */; };
		42C184A920E39FB30024B2F5 /* Photo.swift in Sources */ = {isa = PBXBuildFile; fileRef = 42C184A820E39FB30024B2F5 /* Photo.swift */; };
		42C184AB20E3A9680024B2F5 /* PhotoService.swift in Sources */ = {isa = PBXBuildFile; fileRef = 42C184AA20E3A9680024B2F5 /* PhotoService.swift */; };
		42C184AD20E3AE9A0024B2F5 /* PhotoServiceImpl.swift in Sources */ = {isa = PBXBuildFile; fileRef = 42C184AC20E3AE9A0024B2F5 /* PhotoServiceImpl.swift */; };
		42C184AF20E419E40024B2F5 /* FeedXmlParser.swift in Sources */ = {isa = PBXBuildFile; fileRef = 42C184AE20E419E40024B2F5 /* FeedXmlParser.swift */; };
		886A088E3B6AA74F8C5ECF80 /* Pods_Vltramarine.framework in Frameworks */ = {isa = PBXBuildFile; fileRef = 79048D12DFAC846E49658D39 /* Pods_Vltramarine.framework */; };
/* End PBXBuildFile section */

/* Begin PBXContainerItemProxy section */
		4274F38D20EBBC2400D76E4F /* PBXContainerItemProxy */ = {
			isa = PBXContainerItemProxy;
			containerPortal = 42C1847620E2FC2D0024B2F5 /* Project object */;
			proxyType = 1;
			remoteGlobalIDString = 42C1847D20E2FC2D0024B2F5;
			remoteInfo = Vltramarine;
		};
/* End PBXContainerItemProxy section */

/* Begin PBXFileReference section */
		26091F07493B18C4C7AD3664 /* Pods-Vltramarine.release.xcconfig */ = {isa = PBXFileReference; includeInIndex = 1; lastKnownFileType = text.xcconfig; name = "Pods-Vltramarine.release.xcconfig"; path = "Pods/Target Support Files/Pods-Vltramarine/Pods-Vltramarine.release.xcconfig"; sourceTree = "<group>"; };
		292F71E25763117DE6CC9D7E /* Pods-Vltramarine.debug.xcconfig */ = {isa = PBXFileReference; includeInIndex = 1; lastKnownFileType = text.xcconfig; name = "Pods-Vltramarine.debug.xcconfig"; path = "Pods/Target Support Files/Pods-Vltramarine/Pods-Vltramarine.debug.xcconfig"; sourceTree = "<group>"; };
		4274F36C20EB757900D76E4F /* VltramarineFactory.swift */ = {isa = PBXFileReference; lastKnownFileType = sourcecode.swift; path = VltramarineFactory.swift; sourceTree = "<group>"; };
		4274F36E20EB785F00D76E4F /* ObjectFactory.swift */ = {isa = PBXFileReference; lastKnownFileType = sourcecode.swift; path = ObjectFactory.swift; sourceTree = "<group>"; };
		4274F38020EBA51400D76E4F /* XCTest.framework */ = {isa = PBXFileReference; lastKnownFileType = wrapper.framework; name = XCTest.framework; path = Platforms/iPhoneOS.platform/Developer/Library/Frameworks/XCTest.framework; sourceTree = DEVELOPER_DIR; };
		4274F38220EBA60000D76E4F /* Pods_Vltramarine.framework */ = {isa = PBXFileReference; explicitFileType = wrapper.framework; path = Pods_Vltramarine.framework; sourceTree = BUILT_PRODUCTS_DIR; };
		4274F38820EBBC2400D76E4F /* VltramarineTests.xctest */ = {isa = PBXFileReference; explicitFileType = wrapper.cfbundle; includeInIndex = 0; path = VltramarineTests.xctest; sourceTree = BUILT_PRODUCTS_DIR; };
		4274F38A20EBBC2400D76E4F /* VltramarineTests.swift */ = {isa = PBXFileReference; lastKnownFileType = sourcecode.swift; path = VltramarineTests.swift; sourceTree = "<group>"; };
		4274F38C20EBBC2400D76E4F /* Info.plist */ = {isa = PBXFileReference; lastKnownFileType = text.plist.xml; path = Info.plist; sourceTree = "<group>"; };
		4274F39220EBBD1F00D76E4F /* FeedXmlParserTests.swift */ = {isa = PBXFileReference; fileEncoding = 4; lastKnownFileType = sourcecode.swift; path = FeedXmlParserTests.swift; sourceTree = "<group>"; };
		427A441E20E8D61700FFE7DF /* PhotoRepository.swift */ = {isa = PBXFileReference; lastKnownFileType = sourcecode.swift; path = PhotoRepository.swift; sourceTree = "<group>"; };
		427A442020E8D64500FFE7DF /* PhotoRepositorySQLiteImpl.swift */ = {isa = PBXFileReference; lastKnownFileType = sourcecode.swift; path = PhotoRepositorySQLiteImpl.swift; sourceTree = "<group>"; };
		427A442420E94CCC00FFE7DF /* VltramarineError.swift */ = {isa = PBXFileReference; lastKnownFileType = sourcecode.swift; path = VltramarineError.swift; sourceTree = "<group>"; };
		42A807BF20EA7183001D304A /* FeedTableViewCellDelegate.swift */ = {isa = PBXFileReference; lastKnownFileType = sourcecode.swift; path = FeedTableViewCellDelegate.swift; sourceTree = "<group>"; };
		42AFF2D220EAE23200E51D3A /* PhotoViewModel.swift */ = {isa = PBXFileReference; lastKnownFileType = sourcecode.swift; path = PhotoViewModel.swift; sourceTree = "<group>"; };
		42C1847E20E2FC2D0024B2F5 /* Vltramarine.app */ = {isa = PBXFileReference; explicitFileType = wrapper.application; includeInIndex = 0; path = Vltramarine.app; sourceTree = BUILT_PRODUCTS_DIR; };
		42C1848120E2FC2D0024B2F5 /* AppDelegate.swift */ = {isa = PBXFileReference; lastKnownFileType = sourcecode.swift; path = AppDelegate.swift; sourceTree = "<group>"; };
		42C1848620E2FC2D0024B2F5 /* Base */ = {isa = PBXFileReference; lastKnownFileType = file.storyboard; name = Base; path = Base.lproj/Main.storyboard; sourceTree = "<group>"; };
		42C1848820E2FC2E0024B2F5 /* Assets.xcassets */ = {isa = PBXFileReference; lastKnownFileType = folder.assetcatalog; path = Assets.xcassets; sourceTree = "<group>"; };
		42C1848B20E2FC2E0024B2F5 /* Base */ = {isa = PBXFileReference; lastKnownFileType = file.storyboard; name = Base; path = Base.lproj/LaunchScreen.storyboard; sourceTree = "<group>"; };
		42C1848D20E2FC2E0024B2F5 /* Info.plist */ = {isa = PBXFileReference; lastKnownFileType = text.plist.xml; path = Info.plist; sourceTree = "<group>"; };
		42C1849720E305DD0024B2F5 /* MenuViewController.swift */ = {isa = PBXFileReference; lastKnownFileType = sourcecode.swift; path = MenuViewController.swift; sourceTree = "<group>"; };
		42C1849A20E30AC00024B2F5 /* MenuViewModel.swift */ = {isa = PBXFileReference; lastKnownFileType = sourcecode.swift; path = MenuViewModel.swift; sourceTree = "<group>"; };
		42C1849C20E35EA90024B2F5 /* Feed.swift */ = {isa = PBXFileReference; lastKnownFileType = sourcecode.swift; path = Feed.swift; sourceTree = "<group>"; };
		42C184A020E369420024B2F5 /* MenuCollectionViewCell.swift */ = {isa = PBXFileReference; lastKnownFileType = sourcecode.swift; path = MenuCollectionViewCell.swift; sourceTree = "<group>"; };
		42C184A320E387150024B2F5 /* FeedViewController.swift */ = {isa = PBXFileReference; lastKnownFileType = sourcecode.swift; path = FeedViewController.swift; sourceTree = "<group>"; };
		42C184A520E389150024B2F5 /* FeedTableViewCell.swift */ = {isa = PBXFileReference; lastKnownFileType = sourcecode.swift; path = FeedTableViewCell.swift; sourceTree = "<group>"; };
		42C184A820E39FB30024B2F5 /* Photo.swift */ = {isa = PBXFileReference; lastKnownFileType = sourcecode.swift; path = Photo.swift; sourceTree = "<group>"; };
		42C184AA20E3A9680024B2F5 /* PhotoService.swift */ = {isa = PBXFileReference; lastKnownFileType = sourcecode.swift; path = PhotoService.swift; sourceTree = "<group>"; };
		42C184AC20E3AE9A0024B2F5 /* PhotoServiceImpl.swift */ = {isa = PBXFileReference; lastKnownFileType = sourcecode.swift; path = PhotoServiceImpl.swift; sourceTree = "<group>"; };
		42C184AE20E419E40024B2F5 /* FeedXmlParser.swift */ = {isa = PBXFileReference; fileEncoding = 4; lastKnownFileType = sourcecode.swift; path = FeedXmlParser.swift; sourceTree = "<group>"; };
		79048D12DFAC846E49658D39 /* Pods_Vltramarine.framework */ = {isa = PBXFileReference; explicitFileType = wrapper.framework; includeInIndex = 0; path = Pods_Vltramarine.framework; sourceTree = BUILT_PRODUCTS_DIR; };
/* End PBXFileReference section */

/* Begin PBXFrameworksBuildPhase section */
		4274F38520EBBC2400D76E4F /* Frameworks */ = {
			isa = PBXFrameworksBuildPhase;
			buildActionMask = 2147483647;
			files = (
			);
			runOnlyForDeploymentPostprocessing = 0;
		};
		42C1847B20E2FC2D0024B2F5 /* Frameworks */ = {
			isa = PBXFrameworksBuildPhase;
			buildActionMask = 2147483647;
			files = (
				886A088E3B6AA74F8C5ECF80 /* Pods_Vltramarine.framework in Frameworks */,
				4241B0781F9C70614D4864F3 /* Pods_Vltramarine.framework in Frameworks */,
			);
			runOnlyForDeploymentPostprocessing = 0;
		};
/* End PBXFrameworksBuildPhase section */

/* Begin PBXGroup section */
		4274F36B20EB753A00D76E4F /* Factory */ = {
			isa = PBXGroup;
			children = (
				4274F36C20EB757900D76E4F /* VltramarineFactory.swift */,
				4274F36E20EB785F00D76E4F /* ObjectFactory.swift */,
			);
			path = Factory;
			sourceTree = "<group>";
		};
		4274F38920EBBC2400D76E4F /* VltramarineTests */ = {
			isa = PBXGroup;
			children = (
				4274F39220EBBD1F00D76E4F /* FeedXmlParserTests.swift */,
				4274F38A20EBBC2400D76E4F /* VltramarineTests.swift */,
				4274F38C20EBBC2400D76E4F /* Info.plist */,
			);
			path = VltramarineTests;
			sourceTree = "<group>";
		};
		427A442320E94CA200FFE7DF /* Utils */ = {
			isa = PBXGroup;
			children = (
				427A442420E94CCC00FFE7DF /* VltramarineError.swift */,
			);
			path = Utils;
			sourceTree = "<group>";
		};
		42C1847520E2FC2D0024B2F5 = {
			isa = PBXGroup;
			children = (
				42C1848020E2FC2D0024B2F5 /* Vltramarine */,
				4274F38920EBBC2400D76E4F /* VltramarineTests */,
				42C1847F20E2FC2D0024B2F5 /* Products */,
				6239AFB268C998393CCC835D /* Pods */,
				7597BFB789E48AB001873DD2 /* Frameworks */,
			);
			sourceTree = "<group>";
		};
		42C1847F20E2FC2D0024B2F5 /* Products */ = {
			isa = PBXGroup;
			children = (
				42C1847E20E2FC2D0024B2F5 /* Vltramarine.app */,
				4274F38820EBBC2400D76E4F /* VltramarineTests.xctest */,
			);
			name = Products;
			sourceTree = "<group>";
		};
		42C1848020E2FC2D0024B2F5 /* Vltramarine */ = {
			isa = PBXGroup;
			children = (
				42C1848120E2FC2D0024B2F5 /* AppDelegate.swift */,
				42C1848520E2FC2D0024B2F5 /* Main.storyboard */,
				42C1848A20E2FC2E0024B2F5 /* LaunchScreen.storyboard */,
				42C1848D20E2FC2E0024B2F5 /* Info.plist */,
				42C1848820E2FC2E0024B2F5 /* Assets.xcassets */,
				4274F36B20EB753A00D76E4F /* Factory */,
				42C1849420E2FCB70024B2F5 /* View */,
				42C1849920E30A990024B2F5 /* ViewModel */,
				42C1849620E2FCFF0024B2F5 /* DAO */,
				42C1849520E2FCF60024B2F5 /* Model */,
				427A442320E94CA200FFE7DF /* Utils */,
			);
			path = Vltramarine;
			sourceTree = "<group>";
		};
		42C1849420E2FCB70024B2F5 /* View */ = {
			isa = PBXGroup;
			children = (
				42C184A220E386EE0024B2F5 /* Menu */,
				42C184A720E398D00024B2F5 /* Feed */,
			);
			path = View;
			sourceTree = "<group>";
		};
		42C1849520E2FCF60024B2F5 /* Model */ = {
			isa = PBXGroup;
			children = (
				42C1849C20E35EA90024B2F5 /* Feed.swift */,
				42C184A820E39FB30024B2F5 /* Photo.swift */,
			);
			path = Model;
			sourceTree = "<group>";
		};
		42C1849620E2FCFF0024B2F5 /* DAO */ = {
			isa = PBXGroup;
			children = (
				42C184AE20E419E40024B2F5 /* FeedXmlParser.swift */,
				42C184AA20E3A9680024B2F5 /* PhotoService.swift */,
				42C184AC20E3AE9A0024B2F5 /* PhotoServiceImpl.swift */,
				427A441E20E8D61700FFE7DF /* PhotoRepository.swift */,
				427A442020E8D64500FFE7DF /* PhotoRepositorySQLiteImpl.swift */,
			);
			path = DAO;
			sourceTree = "<group>";
		};
		42C1849920E30A990024B2F5 /* ViewModel */ = {
			isa = PBXGroup;
			children = (
				42C1849A20E30AC00024B2F5 /* MenuViewModel.swift */,
				42AFF2D220EAE23200E51D3A /* PhotoViewModel.swift */,
			);
			path = ViewModel;
			sourceTree = "<group>";
		};
		42C184A220E386EE0024B2F5 /* Menu */ = {
			isa = PBXGroup;
			children = (
				42C1849720E305DD0024B2F5 /* MenuViewController.swift */,
				42C184A020E369420024B2F5 /* MenuCollectionViewCell.swift */,
			);
			path = Menu;
			sourceTree = "<group>";
		};
		42C184A720E398D00024B2F5 /* Feed */ = {
			isa = PBXGroup;
			children = (
				42C184A320E387150024B2F5 /* FeedViewController.swift */,
				42C184A520E389150024B2F5 /* FeedTableViewCell.swift */,
				42A807BF20EA7183001D304A /* FeedTableViewCellDelegate.swift */,
			);
			path = Feed;
			sourceTree = "<group>";
		};
		6239AFB268C998393CCC835D /* Pods */ = {
			isa = PBXGroup;
			children = (
				292F71E25763117DE6CC9D7E /* Pods-Vltramarine.debug.xcconfig */,
				26091F07493B18C4C7AD3664 /* Pods-Vltramarine.release.xcconfig */,
			);
			name = Pods;
			sourceTree = "<group>";
		};
		7597BFB789E48AB001873DD2 /* Frameworks */ = {
			isa = PBXGroup;
			children = (
				4274F38220EBA60000D76E4F /* Pods_Vltramarine.framework */,
				4274F38020EBA51400D76E4F /* XCTest.framework */,
				79048D12DFAC846E49658D39 /* Pods_Vltramarine.framework */,
			);
			name = Frameworks;
			sourceTree = "<group>";
		};
/* End PBXGroup section */

/* Begin PBXNativeTarget section */
		4274F38720EBBC2400D76E4F /* VltramarineTests */ = {
			isa = PBXNativeTarget;
			buildConfigurationList = 4274F38F20EBBC2400D76E4F /* Build configuration list for PBXNativeTarget "VltramarineTests" */;
			buildPhases = (
				4274F38420EBBC2400D76E4F /* Sources */,
				4274F38520EBBC2400D76E4F /* Frameworks */,
				4274F38620EBBC2400D76E4F /* Resources */,
			);
			buildRules = (
			);
			dependencies = (
				4274F38E20EBBC2400D76E4F /* PBXTargetDependency */,
			);
			name = VltramarineTests;
			productName = VltramarineTests;
			productReference = 4274F38820EBBC2400D76E4F /* VltramarineTests.xctest */;
			productType = "com.apple.product-type.bundle.unit-test";
		};
		42C1847D20E2FC2D0024B2F5 /* Vltramarine */ = {
			isa = PBXNativeTarget;
			buildConfigurationList = 42C1849020E2FC2E0024B2F5 /* Build configuration list for PBXNativeTarget "Vltramarine" */;
			buildPhases = (
				DD35C5CFE2BFF095185ACA32 /* [CP] Check Pods Manifest.lock */,
				42C1847A20E2FC2D0024B2F5 /* Sources */,
				42C1847B20E2FC2D0024B2F5 /* Frameworks */,
				42C1847C20E2FC2D0024B2F5 /* Resources */,
				FE20FF8199C60352D86EF60C /* [CP] Embed Pods Frameworks */,
			);
			buildRules = (
			);
			dependencies = (
			);
			name = Vltramarine;
			productName = Vltramarine;
			productReference = 42C1847E20E2FC2D0024B2F5 /* Vltramarine.app */;
			productType = "com.apple.product-type.application";
		};
/* End PBXNativeTarget section */

/* Begin PBXProject section */
		42C1847620E2FC2D0024B2F5 /* Project object */ = {
			isa = PBXProject;
			attributes = {
				LastSwiftUpdateCheck = 0940;
				LastUpgradeCheck = 0940;
				ORGANIZATIONNAME = ryabchikova;
				TargetAttributes = {
					4274F38720EBBC2400D76E4F = {
						CreatedOnToolsVersion = 9.4.1;
						TestTargetID = 42C1847D20E2FC2D0024B2F5;
					};
					42C1847D20E2FC2D0024B2F5 = {
						CreatedOnToolsVersion = 9.4.1;
					};
				};
			};
			buildConfigurationList = 42C1847920E2FC2D0024B2F5 /* Build configuration list for PBXProject "Vltramarine" */;
			compatibilityVersion = "Xcode 9.3";
			developmentRegion = en;
			hasScannedForEncodings = 0;
			knownRegions = (
				en,
				Base,
			);
			mainGroup = 42C1847520E2FC2D0024B2F5;
			productRefGroup = 42C1847F20E2FC2D0024B2F5 /* Products */;
			projectDirPath = "";
			projectRoot = "";
			targets = (
				42C1847D20E2FC2D0024B2F5 /* Vltramarine */,
				4274F38720EBBC2400D76E4F /* VltramarineTests */,
			);
		};
/* End PBXProject section */

/* Begin PBXResourcesBuildPhase section */
		4274F38620EBBC2400D76E4F /* Resources */ = {
			isa = PBXResourcesBuildPhase;
			buildActionMask = 2147483647;
			files = (
			);
			runOnlyForDeploymentPostprocessing = 0;
		};
		42C1847C20E2FC2D0024B2F5 /* Resources */ = {
			isa = PBXResourcesBuildPhase;
			buildActionMask = 2147483647;
			files = (
				42C1848C20E2FC2E0024B2F5 /* LaunchScreen.storyboard in Resources */,
				42C1848920E2FC2E0024B2F5 /* Assets.xcassets in Resources */,
				42C1848720E2FC2D0024B2F5 /* Main.storyboard in Resources */,
			);
			runOnlyForDeploymentPostprocessing = 0;
		};
/* End PBXResourcesBuildPhase section */

/* Begin PBXShellScriptBuildPhase section */
		DD35C5CFE2BFF095185ACA32 /* [CP] Check Pods Manifest.lock */ = {
			isa = PBXShellScriptBuildPhase;
			buildActionMask = 2147483647;
			files = (
			);
			inputPaths = (
				"${PODS_PODFILE_DIR_PATH}/Podfile.lock",
				"${PODS_ROOT}/Manifest.lock",
			);
			name = "[CP] Check Pods Manifest.lock";
			outputPaths = (
				"$(DERIVED_FILE_DIR)/Pods-Vltramarine-checkManifestLockResult.txt",
			);
			runOnlyForDeploymentPostprocessing = 0;
			shellPath = /bin/sh;
			shellScript = "diff \"${PODS_PODFILE_DIR_PATH}/Podfile.lock\" \"${PODS_ROOT}/Manifest.lock\" > /dev/null\nif [ $? != 0 ] ; then\n    # print error to STDERR\n    echo \"error: The sandbox is not in sync with the Podfile.lock. Run 'pod install' or update your CocoaPods installation.\" >&2\n    exit 1\nfi\n# This output is used by Xcode 'outputs' to avoid re-running this script phase.\necho \"SUCCESS\" > \"${SCRIPT_OUTPUT_FILE_0}\"\n";
			showEnvVarsInLog = 0;
		};
		FE20FF8199C60352D86EF60C /* [CP] Embed Pods Frameworks */ = {
			isa = PBXShellScriptBuildPhase;
			buildActionMask = 2147483647;
			files = (
			);
			inputPaths = (
				"${SRCROOT}/Pods/Target Support Files/Pods-Vltramarine/Pods-Vltramarine-frameworks.sh",
				"${BUILT_PRODUCTS_DIR}/FMDB/FMDB.framework",
				"${BUILT_PRODUCTS_DIR}/PromiseKit/PromiseKit.framework",
				"${BUILT_PRODUCTS_DIR}/SDWebImage/SDWebImage.framework",
			);
			name = "[CP] Embed Pods Frameworks";
			outputPaths = (
				"${TARGET_BUILD_DIR}/${FRAMEWORKS_FOLDER_PATH}/FMDB.framework",
				"${TARGET_BUILD_DIR}/${FRAMEWORKS_FOLDER_PATH}/PromiseKit.framework",
				"${TARGET_BUILD_DIR}/${FRAMEWORKS_FOLDER_PATH}/SDWebImage.framework",
			);
			runOnlyForDeploymentPostprocessing = 0;
			shellPath = /bin/sh;
			shellScript = "\"${SRCROOT}/Pods/Target Support Files/Pods-Vltramarine/Pods-Vltramarine-frameworks.sh\"\n";
			showEnvVarsInLog = 0;
		};
/* End PBXShellScriptBuildPhase section */

/* Begin PBXSourcesBuildPhase section */
		4274F38420EBBC2400D76E4F /* Sources */ = {
			isa = PBXSourcesBuildPhase;
			buildActionMask = 2147483647;
			files = (
				4274F39320EBBD1F00D76E4F /* FeedXmlParserTests.swift in Sources */,
				4274F38B20EBBC2400D76E4F /* VltramarineTests.swift in Sources */,
			);
			runOnlyForDeploymentPostprocessing = 0;
		};
		42C1847A20E2FC2D0024B2F5 /* Sources */ = {
			isa = PBXSourcesBuildPhase;
			buildActionMask = 2147483647;
			files = (
				427A442520E94CCC00FFE7DF /* VltramarineError.swift in Sources */,
				427A441F20E8D61700FFE7DF /* PhotoRepository.swift in Sources */,
				42C184AD20E3AE9A0024B2F5 /* PhotoServiceImpl.swift in Sources */,
				4274F36D20EB757900D76E4F /* VltramarineFactory.swift in Sources */,
				427A442120E8D64500FFE7DF /* PhotoRepositorySQLiteImpl.swift in Sources */,
				42C184AF20E419E40024B2F5 /* FeedXmlParser.swift in Sources */,
				42AFF2D320EAE23200E51D3A /* PhotoViewModel.swift in Sources */,
				42C1849B20E30AC00024B2F5 /* MenuViewModel.swift in Sources */,
				42C184AB20E3A9680024B2F5 /* PhotoService.swift in Sources */,
				42C1849D20E35EA90024B2F5 /* Feed.swift in Sources */,
				42C184A620E389150024B2F5 /* FeedTableViewCell.swift in Sources */,
				42A807C020EA7184001D304A /* FeedTableViewCellDelegate.swift in Sources */,
				42C1848220E2FC2D0024B2F5 /* AppDelegate.swift in Sources */,
				4274F36F20EB785F00D76E4F /* ObjectFactory.swift in Sources */,
				42C184A920E39FB30024B2F5 /* Photo.swift in Sources */,
				42C1849820E305DD0024B2F5 /* MenuViewController.swift in Sources */,
				42C184A420E387150024B2F5 /* FeedViewController.swift in Sources */,
				42C184A120E369420024B2F5 /* MenuCollectionViewCell.swift in Sources */,
			);
			runOnlyForDeploymentPostprocessing = 0;
		};
/* End PBXSourcesBuildPhase section */

/* Begin PBXTargetDependency section */
		4274F38E20EBBC2400D76E4F /* PBXTargetDependency */ = {
			isa = PBXTargetDependency;
			target = 42C1847D20E2FC2D0024B2F5 /* Vltramarine */;
			targetProxy = 4274F38D20EBBC2400D76E4F /* PBXContainerItemProxy */;
		};
/* End PBXTargetDependency section */

/* Begin PBXVariantGroup section */
		42C1848520E2FC2D0024B2F5 /* Main.storyboard */ = {
			isa = PBXVariantGroup;
			children = (
				42C1848620E2FC2D0024B2F5 /* Base */,
			);
			name = Main.storyboard;
			sourceTree = "<group>";
		};
		42C1848A20E2FC2E0024B2F5 /* LaunchScreen.storyboard */ = {
			isa = PBXVariantGroup;
			children = (
				42C1848B20E2FC2E0024B2F5 /* Base */,
			);
			name = LaunchScreen.storyboard;
			sourceTree = "<group>";
		};
/* End PBXVariantGroup section */

/* Begin XCBuildConfiguration section */
		4274F39020EBBC2400D76E4F /* Debug */ = {
			isa = XCBuildConfiguration;
			buildSettings = {
				BUNDLE_LOADER = "$(TEST_HOST)";
				CODE_SIGN_STYLE = Automatic;
				DEVELOPMENT_TEAM = HYC2DXWEX7;
				INFOPLIST_FILE = VltramarineTests/Info.plist;
				LD_RUNPATH_SEARCH_PATHS = (
					"$(inherited)",
					"@executable_path/Frameworks",
					"@loader_path/Frameworks",
				);
				PRODUCT_BUNDLE_IDENTIFIER = com.ryabchikova.VltramarineTests;
				PRODUCT_NAME = "$(TARGET_NAME)";
				SWIFT_VERSION = 4.0;
				TARGETED_DEVICE_FAMILY = "1,2";
				TEST_HOST = "$(BUILT_PRODUCTS_DIR)/Vltramarine.app/Vltramarine";
			};
			name = Debug;
		};
		4274F39120EBBC2400D76E4F /* Release */ = {
			isa = XCBuildConfiguration;
			buildSettings = {
				BUNDLE_LOADER = "$(TEST_HOST)";
				CODE_SIGN_STYLE = Automatic;
				DEVELOPMENT_TEAM = HYC2DXWEX7;
				INFOPLIST_FILE = VltramarineTests/Info.plist;
				LD_RUNPATH_SEARCH_PATHS = (
					"$(inherited)",
					"@executable_path/Frameworks",
					"@loader_path/Frameworks",
				);
				PRODUCT_BUNDLE_IDENTIFIER = com.ryabchikova.VltramarineTests;
				PRODUCT_NAME = "$(TARGET_NAME)";
				SWIFT_VERSION = 4.0;
				TARGETED_DEVICE_FAMILY = "1,2";
				TEST_HOST = "$(BUILT_PRODUCTS_DIR)/Vltramarine.app/Vltramarine";
			};
			name = Release;
		};
		42C1848E20E2FC2E0024B2F5 /* Debug */ = {
			isa = XCBuildConfiguration;
			buildSettings = {
				ALWAYS_SEARCH_USER_PATHS = NO;
				CLANG_ANALYZER_NONNULL = YES;
				CLANG_ANALYZER_NUMBER_OBJECT_CONVERSION = YES_AGGRESSIVE;
				CLANG_CXX_LANGUAGE_STANDARD = "gnu++14";
				CLANG_CXX_LIBRARY = "libc++";
				CLANG_ENABLE_MODULES = YES;
				CLANG_ENABLE_OBJC_ARC = YES;
				CLANG_ENABLE_OBJC_WEAK = YES;
				CLANG_WARN_BLOCK_CAPTURE_AUTORELEASING = YES;
				CLANG_WARN_BOOL_CONVERSION = YES;
				CLANG_WARN_COMMA = YES;
				CLANG_WARN_CONSTANT_CONVERSION = YES;
				CLANG_WARN_DEPRECATED_OBJC_IMPLEMENTATIONS = YES;
				CLANG_WARN_DIRECT_OBJC_ISA_USAGE = YES_ERROR;
				CLANG_WARN_DOCUMENTATION_COMMENTS = YES;
				CLANG_WARN_EMPTY_BODY = YES;
				CLANG_WARN_ENUM_CONVERSION = YES;
				CLANG_WARN_INFINITE_RECURSION = YES;
				CLANG_WARN_INT_CONVERSION = YES;
				CLANG_WARN_NON_LITERAL_NULL_CONVERSION = YES;
				CLANG_WARN_OBJC_IMPLICIT_RETAIN_SELF = YES;
				CLANG_WARN_OBJC_LITERAL_CONVERSION = YES;
				CLANG_WARN_OBJC_ROOT_CLASS = YES_ERROR;
				CLANG_WARN_RANGE_LOOP_ANALYSIS = YES;
				CLANG_WARN_STRICT_PROTOTYPES = YES;
				CLANG_WARN_SUSPICIOUS_MOVE = YES;
				CLANG_WARN_UNGUARDED_AVAILABILITY = YES_AGGRESSIVE;
				CLANG_WARN_UNREACHABLE_CODE = YES;
				CLANG_WARN__DUPLICATE_METHOD_MATCH = YES;
				CODE_SIGN_IDENTITY = "iPhone Developer";
				COPY_PHASE_STRIP = NO;
				DEBUG_INFORMATION_FORMAT = dwarf;
				ENABLE_STRICT_OBJC_MSGSEND = YES;
				ENABLE_TESTABILITY = YES;
				GCC_C_LANGUAGE_STANDARD = gnu11;
				GCC_DYNAMIC_NO_PIC = NO;
				GCC_NO_COMMON_BLOCKS = YES;
				GCC_OPTIMIZATION_LEVEL = 0;
				GCC_PREPROCESSOR_DEFINITIONS = (
					"DEBUG=1",
					"$(inherited)",
				);
				GCC_WARN_64_TO_32_BIT_CONVERSION = YES;
				GCC_WARN_ABOUT_RETURN_TYPE = YES_ERROR;
				GCC_WARN_UNDECLARED_SELECTOR = YES;
				GCC_WARN_UNINITIALIZED_AUTOS = YES_AGGRESSIVE;
				GCC_WARN_UNUSED_FUNCTION = YES;
				GCC_WARN_UNUSED_VARIABLE = YES;
				IPHONEOS_DEPLOYMENT_TARGET = 11.4;
				MTL_ENABLE_DEBUG_INFO = YES;
				ONLY_ACTIVE_ARCH = YES;
				SDKROOT = iphoneos;
				SWIFT_ACTIVE_COMPILATION_CONDITIONS = DEBUG;
				SWIFT_OPTIMIZATION_LEVEL = "-Onone";
			};
			name = Debug;
		};
		42C1848F20E2FC2E0024B2F5 /* Release */ = {
			isa = XCBuildConfiguration;
			buildSettings = {
				ALWAYS_SEARCH_USER_PATHS = NO;
				CLANG_ANALYZER_NONNULL = YES;
				CLANG_ANALYZER_NUMBER_OBJECT_CONVERSION = YES_AGGRESSIVE;
				CLANG_CXX_LANGUAGE_STANDARD = "gnu++14";
				CLANG_CXX_LIBRARY = "libc++";
				CLANG_ENABLE_MODULES = YES;
				CLANG_ENABLE_OBJC_ARC = YES;
				CLANG_ENABLE_OBJC_WEAK = YES;
				CLANG_WARN_BLOCK_CAPTURE_AUTORELEASING = YES;
				CLANG_WARN_BOOL_CONVERSION = YES;
				CLANG_WARN_COMMA = YES;
				CLANG_WARN_CONSTANT_CONVERSION = YES;
				CLANG_WARN_DEPRECATED_OBJC_IMPLEMENTATIONS = YES;
				CLANG_WARN_DIRECT_OBJC_ISA_USAGE = YES_ERROR;
				CLANG_WARN_DOCUMENTATION_COMMENTS = YES;
				CLANG_WARN_EMPTY_BODY = YES;
				CLANG_WARN_ENUM_CONVERSION = YES;
				CLANG_WARN_INFINITE_RECURSION = YES;
				CLANG_WARN_INT_CONVERSION = YES;
				CLANG_WARN_NON_LITERAL_NULL_CONVERSION = YES;
				CLANG_WARN_OBJC_IMPLICIT_RETAIN_SELF = YES;
				CLANG_WARN_OBJC_LITERAL_CONVERSION = YES;
				CLANG_WARN_OBJC_ROOT_CLASS = YES_ERROR;
				CLANG_WARN_RANGE_LOOP_ANALYSIS = YES;
				CLANG_WARN_STRICT_PROTOTYPES = YES;
				CLANG_WARN_SUSPICIOUS_MOVE = YES;
				CLANG_WARN_UNGUARDED_AVAILABILITY = YES_AGGRESSIVE;
				CLANG_WARN_UNREACHABLE_CODE = YES;
				CLANG_WARN__DUPLICATE_METHOD_MATCH = YES;
				CODE_SIGN_IDENTITY = "iPhone Developer";
				COPY_PHASE_STRIP = NO;
				DEBUG_INFORMATION_FORMAT = "dwarf-with-dsym";
				ENABLE_NS_ASSERTIONS = NO;
				ENABLE_STRICT_OBJC_MSGSEND = YES;
				GCC_C_LANGUAGE_STANDARD = gnu11;
				GCC_NO_COMMON_BLOCKS = YES;
				GCC_WARN_64_TO_32_BIT_CONVERSION = YES;
				GCC_WARN_ABOUT_RETURN_TYPE = YES_ERROR;
				GCC_WARN_UNDECLARED_SELECTOR = YES;
				GCC_WARN_UNINITIALIZED_AUTOS = YES_AGGRESSIVE;
				GCC_WARN_UNUSED_FUNCTION = YES;
				GCC_WARN_UNUSED_VARIABLE = YES;
				IPHONEOS_DEPLOYMENT_TARGET = 11.4;
				MTL_ENABLE_DEBUG_INFO = NO;
				SDKROOT = iphoneos;
				SWIFT_COMPILATION_MODE = wholemodule;
				SWIFT_OPTIMIZATION_LEVEL = "-O";
				VALIDATE_PRODUCT = YES;
			};
			name = Release;
		};
		42C1849120E2FC2E0024B2F5 /* Debug */ = {
			isa = XCBuildConfiguration;
			baseConfigurationReference = 292F71E25763117DE6CC9D7E /* Pods-Vltramarine.debug.xcconfig */;
			buildSettings = {
				ASSETCATALOG_COMPILER_APPICON_NAME = AppIcon;
				CODE_SIGN_STYLE = Automatic;
				DEVELOPMENT_TEAM = HYC2DXWEX7;
				INFOPLIST_FILE = Vltramarine/Info.plist;
				LD_RUNPATH_SEARCH_PATHS = (
					"$(inherited)",
					"@executable_path/Frameworks",
				);
				PRODUCT_BUNDLE_IDENTIFIER = com.ryabchikova.Vltramarine;
				PRODUCT_NAME = "$(TARGET_NAME)";
				SWIFT_VERSION = 4.0;
				TARGETED_DEVICE_FAMILY = "1,2";
			};
			name = Debug;
		};
		42C1849220E2FC2E0024B2F5 /* Release */ = {
			isa = XCBuildConfiguration;
			baseConfigurationReference = 26091F07493B18C4C7AD3664 /* Pods-Vltramarine.release.xcconfig */;
			buildSettings = {
				ASSETCATALOG_COMPILER_APPICON_NAME = AppIcon;
				CODE_SIGN_STYLE = Automatic;
				DEVELOPMENT_TEAM = HYC2DXWEX7;
				INFOPLIST_FILE = Vltramarine/Info.plist;
				LD_RUNPATH_SEARCH_PATHS = (
					"$(inherited)",
					"@executable_path/Frameworks",
				);
				PRODUCT_BUNDLE_IDENTIFIER = com.ryabchikova.Vltramarine;
				PRODUCT_NAME = "$(TARGET_NAME)";
				SWIFT_VERSION = 4.0;
				TARGETED_DEVICE_FAMILY = "1,2";
			};
			name = Release;
		};
/* End XCBuildConfiguration section */

/* Begin XCConfigurationList section */
		4274F38F20EBBC2400D76E4F /* Build configuration list for PBXNativeTarget "VltramarineTests" */ = {
			isa = XCConfigurationList;
			buildConfigurations = (
				4274F39020EBBC2400D76E4F /* Debug */,
				4274F39120EBBC2400D76E4F /* Release */,
			);
			defaultConfigurationIsVisible = 0;
			defaultConfigurationName = Release;
		};
		42C1847920E2FC2D0024B2F5 /* Build configuration list for PBXProject "Vltramarine" */ = {
			isa = XCConfigurationList;
			buildConfigurations = (
				42C1848E20E2FC2E0024B2F5 /* Debug */,
				42C1848F20E2FC2E0024B2F5 /* Release */,
			);
			defaultConfigurationIsVisible = 0;
			defaultConfigurationName = Release;
		};
		42C1849020E2FC2E0024B2F5 /* Build configuration list for PBXNativeTarget "Vltramarine" */ = {
			isa = XCConfigurationList;
			buildConfigurations = (
				42C1849120E2FC2E0024B2F5 /* Debug */,
				42C1849220E2FC2E0024B2F5 /* Release */,
			);
			defaultConfigurationIsVisible = 0;
			defaultConfigurationName = Release;
		};
/* End XCConfigurationList section */
	};
	rootObject = 42C1847620E2FC2D0024B2F5 /* Project object */;
}
